
Microsoft Visual Studio Solution File, Format Version 12.00
# Visual Studio Version 17
VisualStudioVersion = 17.1.32407.343
MinimumVisualStudioVersion = 10.0.40219.1
Project("{2150E333-8FDC-42A3-9474-1A3956D46DE8}") = "SOLID", "SOLID", "{ACEB0F49-A4BE-4126-A534-EBBE762DF683}"
EndProject
Project("{9A19103F-16F7-4668-BE54-9A1E7A4F7556}") = "Single_Responsibility_Principe", "Single_Responsibility_Principe\Single_Responsibility_Principe.csproj", "{CB20DFBF-1142-453D-8607-262C91FBA288}"
EndProject
Project("{9A19103F-16F7-4668-BE54-9A1E7A4F7556}") = "OpenClose_Principe", "OpenClose_Principe\OpenClose_Principe.csproj", "{CBB7F6C6-B4C6-4F34-BD2B-AE399B5C7252}"
EndProject
Project("{9A19103F-16F7-4668-BE54-9A1E7A4F7556}") = "LizkovischesPrincipe", "LizkovischesPrincipe\LizkovischesPrincipe.csproj", "{4C1E74EF-68FE-4034-9D21-EBE519508282}"
EndProject
Project("{9A19103F-16F7-4668-BE54-9A1E7A4F7556}") = "InterfaceSegerationPrinzip", "InterfaceSegerationPrinzip\InterfaceSegerationPrinzip.csproj", "{006F33C0-254C-479C-B1E4-14EBD06B839F}"
EndProject
Project("{2150E333-8FDC-42A3-9474-1A3956D46DE8}") = "DependencyInversionPrincip", "DependencyInversionPrincip", "{95B4432A-7D3A-4B73-9DA7-5E37017EBE4E}"
EndProject
Project("{2150E333-8FDC-42A3-9474-1A3956D46DE8}") = "BadSample", "BadSample", "{1EC160D3-9D94-4234-814D-D15365299AFF}"
EndProject
Project("{2150E333-8FDC-42A3-9474-1A3956D46DE8}") = "GoodSample", "GoodSample", "{1AB9DFA8-70DD-4FDE-82A9-69393FD70496}"
EndProject
Project("{9A19103F-16F7-4668-BE54-9A1E7A4F7556}") = "BadApp.Entities", "BadApp.Entities\BadApp.Entities.csproj", "{14A7BEAC-78B6-4E77-876C-D11ED0CD51DD}"
EndProject
Project("{9A19103F-16F7-4668-BE54-9A1E7A4F7556}") = "BadApp.Services", "BadApp.Services\BadApp.Services.csproj", "{E73D758B-72D2-4546-9245-A78E325848F9}"
EndProject
Project("{9A19103F-16F7-4668-BE54-9A1E7A4F7556}") = "GoodApp.Entities.Interfaces", "GoodApp.Entities.Interfaces\GoodApp.Entities.Interfaces.csproj", "{CAA60F7B-A404-4B84-9A69-90F39C244A26}"
EndProject
Project("{9A19103F-16F7-4668-BE54-9A1E7A4F7556}") = "GoodApp.Services.Interfaces", "GoodApp.Services.Interfaces\GoodApp.Services.Interfaces.csproj", "{2FE4B22F-C036-4957-AA52-E3AAD6DFF772}"
EndProject
Project("{2150E333-8FDC-42A3-9474-1A3956D46DE8}") = "ContractFirst", "ContractFirst", "{E815A5B4-65F0-432E-A2BF-3789987743CF}"
EndProject
Project("{2150E333-8FDC-42A3-9474-1A3956D46DE8}") = "KlassenImplementierung", "KlassenImplementierung", "{A027711C-2D4B-4A00-BC9F-17F06C20D4B0}"
EndProject
Project("{9A19103F-16F7-4668-BE54-9A1E7A4F7556}") = "GoodApp.Entities", "GoodApp.Entities\GoodApp.Entities.csproj", "{E00A6BDC-966E-42C2-8D10-FE34E37E101D}"
EndProject
Project("{9A19103F-16F7-4668-BE54-9A1E7A4F7556}") = "GoodApp.Services", "GoodApp.Services\GoodApp.Services.csproj", "{7307776C-9B8C-4A2F-AC62-961FE3D8896F}"
EndProject
Project("{9A19103F-16F7-4668-BE54-9A1E7A4F7556}") = "GoodApp.MockEntities", "GoodApp.MockEntities\GoodApp.MockEntities.csproj", "{5DDA8BAA-A85C-4782-8D10-CF1CC2F41526}"
EndProject
Project("{9A19103F-16F7-4668-BE54-9A1E7A4F7556}") = "MyApplication", "MyApplication\MyApplication.csproj", "{A7F1E3B0-4664-4C30-AE6C-0B2548E8EE44}"
EndProject
Project("{2150E333-8FDC-42A3-9474-1A3956D46DE8}") = "Solution Items", "Solution Items", "{44FFA979-382C-417A-9C3F-430E9C88478B}"
	ProjectSection(SolutionItems) = preProject
		..\Agenda.md = ..\Agenda.md
	EndProjectSection
EndProject
Project("{9A19103F-16F7-4668-BE54-9A1E7A4F7556}") = "SOLID_LAB1_SOLUTION", "SOLID_LAB1_SOLUTION\SOLID_LAB1_SOLUTION.csproj", "{E7621259-8502-4FCC-A0A2-06BD3218D5EB}"
EndProject
Project("{2150E333-8FDC-42A3-9474-1A3956D46DE8}") = "Delegates", "Delegates", "{C015F7E0-AF31-4702-9D94-26F3948A7A63}"
EndProject
Project("{9A19103F-16F7-4668-BE54-9A1E7A4F7556}") = "DelegatesActionsAndFuncsSamples", "DelegatesActionsAndFuncsSamples\DelegatesActionsAndFuncsSamples.csproj", "{1AD06E1E-F29F-49D6-A4AC-26E073B508ED}"
EndProject
Project("{9A19103F-16F7-4668-BE54-9A1E7A4F7556}") = "DelegatesAndActionsAsCallback", "DelegatesAndActionsAsCallback\DelegatesAndActionsAsCallback.csproj", "{A239B7A9-5AA3-40FB-94FB-E5719BA3412C}"
EndProject
Project("{9A19103F-16F7-4668-BE54-9A1E7A4F7556}") = "DelegateWithCallbackPraktischesBeispiel", "DelegateWithCallbackPraktischesBeispiel\DelegateWithCallbackPraktischesBeispiel.csproj", "{26E78274-EEEA-4E0E-ACEC-DA724D63849A}"
EndProject
Project("{9A19103F-16F7-4668-BE54-9A1E7A4F7556}") = "EventAndEventHandler", "EventAndEventHandler\EventAndEventHandler.csproj", "{3665F756-1B3B-4092-8B59-EA4D56165400}"
EndProject
Project("{9A19103F-16F7-4668-BE54-9A1E7A4F7556}") = "WinFormsApp1", "WinFormsApp1\WinFormsApp1.csproj", "{3024193D-D178-4907-8C52-29BB4A84107B}"
EndProject
Project("{2150E333-8FDC-42A3-9474-1A3956D46DE8}") = "Benchmark", "Benchmark", "{459B05BE-B222-496C-9B76-FF3DED5D72A3}"
EndProject
Project("{9A19103F-16F7-4668-BE54-9A1E7A4F7556}") = "StringBuilderBenchmarkDemo", "StringBuilderBenchmarkDemo\StringBuilderBenchmarkDemo.csproj", "{D003CBD0-DCA7-4AC9-AC43-D49BC1780F79}"
EndProject
Project("{9A19103F-16F7-4668-BE54-9A1E7A4F7556}") = "InsideList", "InsideList\InsideList.csproj", "{97BF70F8-4979-4DC0-AED4-E930D46E036D}"
EndProject
Project("{2150E333-8FDC-42A3-9474-1A3956D46DE8}") = "Threading", "Threading", "{82C44521-B942-4193-B33E-13B33D96BE75}"
EndProject
Project("{9A19103F-16F7-4668-BE54-9A1E7A4F7556}") = "001_ThreadStarten", "001_ThreadStarten\001_ThreadStarten.csproj", "{3A0F4CE3-2337-44D4-ADF4-984A396AA4CE}"
EndProject
Project("{9A19103F-16F7-4668-BE54-9A1E7A4F7556}") = "002_ThreadMitParameterStarten", "002_ThreadMitParameterStarten\002_ThreadMitParameterStarten.csproj", "{DEE07A68-28BA-4FD7-89DB-A5974F0C65C7}"
EndProject
Project("{9A19103F-16F7-4668-BE54-9A1E7A4F7556}") = "003_Thread_Beenden", "003_Thread_Beenden\003_Thread_Beenden.csproj", "{B6855DBA-4EB5-48C5-B335-D80FCF894C63}"
EndProject
Project("{9A19103F-16F7-4668-BE54-9A1E7A4F7556}") = "003_ThreadBeendenMitCancelationToken", "003_ThreadBeendenMitCancelationToken\003_ThreadBeendenMitCancelationToken.csproj", "{629FD1D5-1F48-4702-86C2-038749761D3A}"
EndProject
Project("{9A19103F-16F7-4668-BE54-9A1E7A4F7556}") = "004_ThreadWithParametersAndReturnValues", "004_ThreadWithParametersAndReturnValues\004_ThreadWithParametersAndReturnValues.csproj", "{73CF7729-5E32-4D1B-9EAA-CC54013624DE}"
EndProject
Project("{9A19103F-16F7-4668-BE54-9A1E7A4F7556}") = "005_ThreadWithState", "ThreadWithState\005_ThreadWithState.csproj", "{90122B8D-2DDE-4136-9A4F-9125D28CCC91}"
EndProject
Project("{9A19103F-16F7-4668-BE54-9A1E7A4F7556}") = "006_ThreadPool", "006_ThreadPool\006_ThreadPool.csproj", "{0566D9B7-A21A-4A0A-B8D8-BA6A07657EA2}"
EndProject
Project("{9A19103F-16F7-4668-BE54-9A1E7A4F7556}") = "007_LockSample", "007_LockSample\007_LockSample.csproj", "{1490ACC5-E655-4040-8CFD-56F9540EFA9E}"
EndProject
Project("{FAE04EC0-301F-11D3-BF4B-00C04F79EFBC}") = "008_Monitor", "008_Monitor\008_Monitor.csproj", "{B2801302-327A-473B-8EEE-435FC67FB37B}"
EndProject
Project("{FAE04EC0-301F-11D3-BF4B-00C04F79EFBC}") = "009_Mutex", "009_Mutex\009_Mutex.csproj", "{8489592F-D929-4FEE-9CE3-377517547EB9}"
EndProject
Project("{FAE04EC0-301F-11D3-BF4B-00C04F79EFBC}") = "009_MutexB", "009_MutexB\009_MutexB.csproj", "{26BD5610-F7DE-4CBB-81E6-C7FD1EB85C9A}"
EndProject
Project("{FAE04EC0-301F-11D3-BF4B-00C04F79EFBC}") = "Mutex_ProgramInstance", "Mutex_ProgramInstance\Mutex_ProgramInstance.csproj", "{A19CED62-701E-4318-93E6-3F68415F27E1}"
EndProject
Project("{FAE04EC0-301F-11D3-BF4B-00C04F79EFBC}") = "Mutex_ProgramInstanceNet6", "Mutex_ProgramInstanceNet6\Mutex_ProgramInstanceNet6.csproj", "{FE2F67AF-C41C-4C93-B9D4-669B0F47AF51}"
EndProject
Project("{2150E333-8FDC-42A3-9474-1A3956D46DE8}") = "TPL", "TPL", "{3442E1AE-90FA-42E8-AE51-A9644EBCFB4E}"
EndProject
Project("{FAE04EC0-301F-11D3-BF4B-00C04F79EFBC}") = "001_Task_starten", "001_Task_starten\001_Task_starten.csproj", "{C69EB253-A2F5-46D0-B83B-390D2448BE8B}"
EndProject
Project("{FAE04EC0-301F-11D3-BF4B-00C04F79EFBC}") = "002_Task_beenden", "002_Task_beenden\002_Task_beenden.csproj", "{353583E2-D513-499D-BA5A-AAACE3E70488}"
EndProject
Project("{FAE04EC0-301F-11D3-BF4B-00C04F79EFBC}") = "003_TaskFactorySample", "003_TaskFactorySample\003_TaskFactorySample.csproj", "{084F0FD4-DDB5-478E-9DAE-2D7BF77D68E5}"
EndProject
Project("{FAE04EC0-301F-11D3-BF4B-00C04F79EFBC}") = "004_TaskMitParameter", "004_TaskMitParameter\004_TaskMitParameter.csproj", "{6C5FFA2E-3AF2-4E66-A8B8-DF430CDB1ECC}"
EndProject
Project("{FAE04EC0-301F-11D3-BF4B-00C04F79EFBC}") = "005_TaskMitExceptions", "005_TaskMitExceptions\005_TaskMitExceptions.csproj", "{C29BE4C7-35CD-45E4-AA07-80D2B3D2340B}"
EndProject
Project("{FAE04EC0-301F-11D3-BF4B-00C04F79EFBC}") = "006_ContinueWithSample", "006_ContinueWithSample\006_ContinueWithSample.csproj", "{03E14810-72ED-4CC0-894F-FBD19E257C6D}"
EndProject
Project("{FAE04EC0-301F-11D3-BF4B-00C04F79EFBC}") = "007_ContinueWithParams", "007_ContinueWithParams\007_ContinueWithParams.csproj", "{FB5F3C8F-8D07-41EE-8E36-B930D3A41483}"
EndProject
Project("{FAE04EC0-301F-11D3-BF4B-00C04F79EFBC}") = "008_ParallelInvokeSample", "008_ParallelInvokeSample\008_ParallelInvokeSample.csproj", "{CCA333C4-1741-4E34-9EBA-3D5BE1E36481}"
EndProject
Project("{FAE04EC0-301F-11D3-BF4B-00C04F79EFBC}") = "009_AsyncAwaitPattern", "009_AsyncAwaitPattern\009_AsyncAwaitPattern.csproj", "{FBD613D9-F7A2-491B-ACFE-FC4541FCF4BB}"
EndProject
Project("{9A19103F-16F7-4668-BE54-9A1E7A4F7556}") = "BenchmarkTestParallelForVsFor", "BenchmarkTestParallelForVsFor\BenchmarkTestParallelForVsFor.csproj", "{06C526ED-D275-4E59-A6DF-A6D95AB1C910}"
EndProject
Global
	GlobalSection(SolutionConfigurationPlatforms) = preSolution
		Debug|Any CPU = Debug|Any CPU
		Release|Any CPU = Release|Any CPU
	EndGlobalSection
	GlobalSection(ProjectConfigurationPlatforms) = postSolution
		{CB20DFBF-1142-453D-8607-262C91FBA288}.Debug|Any CPU.ActiveCfg = Debug|Any CPU
		{CB20DFBF-1142-453D-8607-262C91FBA288}.Debug|Any CPU.Build.0 = Debug|Any CPU
		{CB20DFBF-1142-453D-8607-262C91FBA288}.Release|Any CPU.ActiveCfg = Release|Any CPU
		{CB20DFBF-1142-453D-8607-262C91FBA288}.Release|Any CPU.Build.0 = Release|Any CPU
		{CBB7F6C6-B4C6-4F34-BD2B-AE399B5C7252}.Debug|Any CPU.ActiveCfg = Debug|Any CPU
		{CBB7F6C6-B4C6-4F34-BD2B-AE399B5C7252}.Debug|Any CPU.Build.0 = Debug|Any CPU
		{CBB7F6C6-B4C6-4F34-BD2B-AE399B5C7252}.Release|Any CPU.ActiveCfg = Release|Any CPU
		{CBB7F6C6-B4C6-4F34-BD2B-AE399B5C7252}.Release|Any CPU.Build.0 = Release|Any CPU
		{4C1E74EF-68FE-4034-9D21-EBE519508282}.Debug|Any CPU.ActiveCfg = Debug|Any CPU
		{4C1E74EF-68FE-4034-9D21-EBE519508282}.Debug|Any CPU.Build.0 = Debug|Any CPU
		{4C1E74EF-68FE-4034-9D21-EBE519508282}.Release|Any CPU.ActiveCfg = Release|Any CPU
		{4C1E74EF-68FE-4034-9D21-EBE519508282}.Release|Any CPU.Build.0 = Release|Any CPU
		{006F33C0-254C-479C-B1E4-14EBD06B839F}.Debug|Any CPU.ActiveCfg = Debug|Any CPU
		{006F33C0-254C-479C-B1E4-14EBD06B839F}.Debug|Any CPU.Build.0 = Debug|Any CPU
		{006F33C0-254C-479C-B1E4-14EBD06B839F}.Release|Any CPU.ActiveCfg = Release|Any CPU
		{006F33C0-254C-479C-B1E4-14EBD06B839F}.Release|Any CPU.Build.0 = Release|Any CPU
		{14A7BEAC-78B6-4E77-876C-D11ED0CD51DD}.Debug|Any CPU.ActiveCfg = Debug|Any CPU
		{14A7BEAC-78B6-4E77-876C-D11ED0CD51DD}.Debug|Any CPU.Build.0 = Debug|Any CPU
		{14A7BEAC-78B6-4E77-876C-D11ED0CD51DD}.Release|Any CPU.ActiveCfg = Release|Any CPU
		{14A7BEAC-78B6-4E77-876C-D11ED0CD51DD}.Release|Any CPU.Build.0 = Release|Any CPU
		{E73D758B-72D2-4546-9245-A78E325848F9}.Debug|Any CPU.ActiveCfg = Debug|Any CPU
		{E73D758B-72D2-4546-9245-A78E325848F9}.Debug|Any CPU.Build.0 = Debug|Any CPU
		{E73D758B-72D2-4546-9245-A78E325848F9}.Release|Any CPU.ActiveCfg = Release|Any CPU
		{E73D758B-72D2-4546-9245-A78E325848F9}.Release|Any CPU.Build.0 = Release|Any CPU
		{CAA60F7B-A404-4B84-9A69-90F39C244A26}.Debug|Any CPU.ActiveCfg = Debug|Any CPU
		{CAA60F7B-A404-4B84-9A69-90F39C244A26}.Debug|Any CPU.Build.0 = Debug|Any CPU
		{CAA60F7B-A404-4B84-9A69-90F39C244A26}.Release|Any CPU.ActiveCfg = Release|Any CPU
		{CAA60F7B-A404-4B84-9A69-90F39C244A26}.Release|Any CPU.Build.0 = Release|Any CPU
		{2FE4B22F-C036-4957-AA52-E3AAD6DFF772}.Debug|Any CPU.ActiveCfg = Debug|Any CPU
		{2FE4B22F-C036-4957-AA52-E3AAD6DFF772}.Debug|Any CPU.Build.0 = Debug|Any CPU
		{2FE4B22F-C036-4957-AA52-E3AAD6DFF772}.Release|Any CPU.ActiveCfg = Release|Any CPU
		{2FE4B22F-C036-4957-AA52-E3AAD6DFF772}.Release|Any CPU.Build.0 = Release|Any CPU
		{E00A6BDC-966E-42C2-8D10-FE34E37E101D}.Debug|Any CPU.ActiveCfg = Debug|Any CPU
		{E00A6BDC-966E-42C2-8D10-FE34E37E101D}.Debug|Any CPU.Build.0 = Debug|Any CPU
		{E00A6BDC-966E-42C2-8D10-FE34E37E101D}.Release|Any CPU.ActiveCfg = Release|Any CPU
		{E00A6BDC-966E-42C2-8D10-FE34E37E101D}.Release|Any CPU.Build.0 = Release|Any CPU
		{7307776C-9B8C-4A2F-AC62-961FE3D8896F}.Debug|Any CPU.ActiveCfg = Debug|Any CPU
		{7307776C-9B8C-4A2F-AC62-961FE3D8896F}.Debug|Any CPU.Build.0 = Debug|Any CPU
		{7307776C-9B8C-4A2F-AC62-961FE3D8896F}.Release|Any CPU.ActiveCfg = Release|Any CPU
		{7307776C-9B8C-4A2F-AC62-961FE3D8896F}.Release|Any CPU.Build.0 = Release|Any CPU
		{5DDA8BAA-A85C-4782-8D10-CF1CC2F41526}.Debug|Any CPU.ActiveCfg = Debug|Any CPU
		{5DDA8BAA-A85C-4782-8D10-CF1CC2F41526}.Debug|Any CPU.Build.0 = Debug|Any CPU
		{5DDA8BAA-A85C-4782-8D10-CF1CC2F41526}.Release|Any CPU.ActiveCfg = Release|Any CPU
		{5DDA8BAA-A85C-4782-8D10-CF1CC2F41526}.Release|Any CPU.Build.0 = Release|Any CPU
		{A7F1E3B0-4664-4C30-AE6C-0B2548E8EE44}.Debug|Any CPU.ActiveCfg = Debug|Any CPU
		{A7F1E3B0-4664-4C30-AE6C-0B2548E8EE44}.Debug|Any CPU.Build.0 = Debug|Any CPU
		{A7F1E3B0-4664-4C30-AE6C-0B2548E8EE44}.Release|Any CPU.ActiveCfg = Release|Any CPU
		{A7F1E3B0-4664-4C30-AE6C-0B2548E8EE44}.Release|Any CPU.Build.0 = Release|Any CPU
		{E7621259-8502-4FCC-A0A2-06BD3218D5EB}.Debug|Any CPU.ActiveCfg = Debug|Any CPU
		{E7621259-8502-4FCC-A0A2-06BD3218D5EB}.Debug|Any CPU.Build.0 = Debug|Any CPU
		{E7621259-8502-4FCC-A0A2-06BD3218D5EB}.Release|Any CPU.ActiveCfg = Release|Any CPU
		{E7621259-8502-4FCC-A0A2-06BD3218D5EB}.Release|Any CPU.Build.0 = Release|Any CPU
		{1AD06E1E-F29F-49D6-A4AC-26E073B508ED}.Debug|Any CPU.ActiveCfg = Debug|Any CPU
		{1AD06E1E-F29F-49D6-A4AC-26E073B508ED}.Debug|Any CPU.Build.0 = Debug|Any CPU
		{1AD06E1E-F29F-49D6-A4AC-26E073B508ED}.Release|Any CPU.ActiveCfg = Release|Any CPU
		{1AD06E1E-F29F-49D6-A4AC-26E073B508ED}.Release|Any CPU.Build.0 = Release|Any CPU
		{A239B7A9-5AA3-40FB-94FB-E5719BA3412C}.Debug|Any CPU.ActiveCfg = Debug|Any CPU
		{A239B7A9-5AA3-40FB-94FB-E5719BA3412C}.Debug|Any CPU.Build.0 = Debug|Any CPU
		{A239B7A9-5AA3-40FB-94FB-E5719BA3412C}.Release|Any CPU.ActiveCfg = Release|Any CPU
		{A239B7A9-5AA3-40FB-94FB-E5719BA3412C}.Release|Any CPU.Build.0 = Release|Any CPU
		{26E78274-EEEA-4E0E-ACEC-DA724D63849A}.Debug|Any CPU.ActiveCfg = Debug|Any CPU
		{26E78274-EEEA-4E0E-ACEC-DA724D63849A}.Debug|Any CPU.Build.0 = Debug|Any CPU
		{26E78274-EEEA-4E0E-ACEC-DA724D63849A}.Release|Any CPU.ActiveCfg = Release|Any CPU
		{26E78274-EEEA-4E0E-ACEC-DA724D63849A}.Release|Any CPU.Build.0 = Release|Any CPU
		{3665F756-1B3B-4092-8B59-EA4D56165400}.Debug|Any CPU.ActiveCfg = Debug|Any CPU
		{3665F756-1B3B-4092-8B59-EA4D56165400}.Debug|Any CPU.Build.0 = Debug|Any CPU
		{3665F756-1B3B-4092-8B59-EA4D56165400}.Release|Any CPU.ActiveCfg = Release|Any CPU
		{3665F756-1B3B-4092-8B59-EA4D56165400}.Release|Any CPU.Build.0 = Release|Any CPU
		{3024193D-D178-4907-8C52-29BB4A84107B}.Debug|Any CPU.ActiveCfg = Debug|Any CPU
		{3024193D-D178-4907-8C52-29BB4A84107B}.Debug|Any CPU.Build.0 = Debug|Any CPU
		{3024193D-D178-4907-8C52-29BB4A84107B}.Release|Any CPU.ActiveCfg = Release|Any CPU
		{3024193D-D178-4907-8C52-29BB4A84107B}.Release|Any CPU.Build.0 = Release|Any CPU
		{D003CBD0-DCA7-4AC9-AC43-D49BC1780F79}.Debug|Any CPU.ActiveCfg = Debug|Any CPU
		{D003CBD0-DCA7-4AC9-AC43-D49BC1780F79}.Debug|Any CPU.Build.0 = Debug|Any CPU
		{D003CBD0-DCA7-4AC9-AC43-D49BC1780F79}.Release|Any CPU.ActiveCfg = Release|Any CPU
		{D003CBD0-DCA7-4AC9-AC43-D49BC1780F79}.Release|Any CPU.Build.0 = Release|Any CPU
		{97BF70F8-4979-4DC0-AED4-E930D46E036D}.Debug|Any CPU.ActiveCfg = Debug|Any CPU
		{97BF70F8-4979-4DC0-AED4-E930D46E036D}.Debug|Any CPU.Build.0 = Debug|Any CPU
		{97BF70F8-4979-4DC0-AED4-E930D46E036D}.Release|Any CPU.ActiveCfg = Release|Any CPU
		{97BF70F8-4979-4DC0-AED4-E930D46E036D}.Release|Any CPU.Build.0 = Release|Any CPU
		{3A0F4CE3-2337-44D4-ADF4-984A396AA4CE}.Debug|Any CPU.ActiveCfg = Debug|Any CPU
		{3A0F4CE3-2337-44D4-ADF4-984A396AA4CE}.Debug|Any CPU.Build.0 = Debug|Any CPU
		{3A0F4CE3-2337-44D4-ADF4-984A396AA4CE}.Release|Any CPU.ActiveCfg = Release|Any CPU
		{3A0F4CE3-2337-44D4-ADF4-984A396AA4CE}.Release|Any CPU.Build.0 = Release|Any CPU
		{DEE07A68-28BA-4FD7-89DB-A5974F0C65C7}.Debug|Any CPU.ActiveCfg = Debug|Any CPU
		{DEE07A68-28BA-4FD7-89DB-A5974F0C65C7}.Debug|Any CPU.Build.0 = Debug|Any CPU
		{DEE07A68-28BA-4FD7-89DB-A5974F0C65C7}.Release|Any CPU.ActiveCfg = Release|Any CPU
		{DEE07A68-28BA-4FD7-89DB-A5974F0C65C7}.Release|Any CPU.Build.0 = Release|Any CPU
		{B6855DBA-4EB5-48C5-B335-D80FCF894C63}.Debug|Any CPU.ActiveCfg = Debug|Any CPU
		{B6855DBA-4EB5-48C5-B335-D80FCF894C63}.Debug|Any CPU.Build.0 = Debug|Any CPU
		{B6855DBA-4EB5-48C5-B335-D80FCF894C63}.Release|Any CPU.ActiveCfg = Release|Any CPU
		{B6855DBA-4EB5-48C5-B335-D80FCF894C63}.Release|Any CPU.Build.0 = Release|Any CPU
		{629FD1D5-1F48-4702-86C2-038749761D3A}.Debug|Any CPU.ActiveCfg = Debug|Any CPU
		{629FD1D5-1F48-4702-86C2-038749761D3A}.Debug|Any CPU.Build.0 = Debug|Any CPU
		{629FD1D5-1F48-4702-86C2-038749761D3A}.Release|Any CPU.ActiveCfg = Release|Any CPU
		{629FD1D5-1F48-4702-86C2-038749761D3A}.Release|Any CPU.Build.0 = Release|Any CPU
		{73CF7729-5E32-4D1B-9EAA-CC54013624DE}.Debug|Any CPU.ActiveCfg = Debug|Any CPU
		{73CF7729-5E32-4D1B-9EAA-CC54013624DE}.Debug|Any CPU.Build.0 = Debug|Any CPU
		{73CF7729-5E32-4D1B-9EAA-CC54013624DE}.Release|Any CPU.ActiveCfg = Release|Any CPU
		{73CF7729-5E32-4D1B-9EAA-CC54013624DE}.Release|Any CPU.Build.0 = Release|Any CPU
		{90122B8D-2DDE-4136-9A4F-9125D28CCC91}.Debug|Any CPU.ActiveCfg = Debug|Any CPU
		{90122B8D-2DDE-4136-9A4F-9125D28CCC91}.Debug|Any CPU.Build.0 = Debug|Any CPU
		{90122B8D-2DDE-4136-9A4F-9125D28CCC91}.Release|Any CPU.ActiveCfg = Release|Any CPU
		{90122B8D-2DDE-4136-9A4F-9125D28CCC91}.Release|Any CPU.Build.0 = Release|Any CPU
		{0566D9B7-A21A-4A0A-B8D8-BA6A07657EA2}.Debug|Any CPU.ActiveCfg = Debug|Any CPU
		{0566D9B7-A21A-4A0A-B8D8-BA6A07657EA2}.Debug|Any CPU.Build.0 = Debug|Any CPU
		{0566D9B7-A21A-4A0A-B8D8-BA6A07657EA2}.Release|Any CPU.ActiveCfg = Release|Any CPU
		{0566D9B7-A21A-4A0A-B8D8-BA6A07657EA2}.Release|Any CPU.Build.0 = Release|Any CPU
		{1490ACC5-E655-4040-8CFD-56F9540EFA9E}.Debug|Any CPU.ActiveCfg = Debug|Any CPU
		{1490ACC5-E655-4040-8CFD-56F9540EFA9E}.Debug|Any CPU.Build.0 = Debug|Any CPU
		{1490ACC5-E655-4040-8CFD-56F9540EFA9E}.Release|Any CPU.ActiveCfg = Release|Any CPU
		{1490ACC5-E655-4040-8CFD-56F9540EFA9E}.Release|Any CPU.Build.0 = Release|Any CPU
		{B2801302-327A-473B-8EEE-435FC67FB37B}.Debug|Any CPU.ActiveCfg = Debug|Any CPU
		{B2801302-327A-473B-8EEE-435FC67FB37B}.Debug|Any CPU.Build.0 = Debug|Any CPU
		{B2801302-327A-473B-8EEE-435FC67FB37B}.Release|Any CPU.ActiveCfg = Release|Any CPU
		{B2801302-327A-473B-8EEE-435FC67FB37B}.Release|Any CPU.Build.0 = Release|Any CPU
		{8489592F-D929-4FEE-9CE3-377517547EB9}.Debug|Any CPU.ActiveCfg = Debug|Any CPU
		{8489592F-D929-4FEE-9CE3-377517547EB9}.Debug|Any CPU.Build.0 = Debug|Any CPU
		{8489592F-D929-4FEE-9CE3-377517547EB9}.Release|Any CPU.ActiveCfg = Release|Any CPU
		{8489592F-D929-4FEE-9CE3-377517547EB9}.Release|Any CPU.Build.0 = Release|Any CPU
		{26BD5610-F7DE-4CBB-81E6-C7FD1EB85C9A}.Debug|Any CPU.ActiveCfg = Debug|Any CPU
		{26BD5610-F7DE-4CBB-81E6-C7FD1EB85C9A}.Debug|Any CPU.Build.0 = Debug|Any CPU
		{26BD5610-F7DE-4CBB-81E6-C7FD1EB85C9A}.Release|Any CPU.ActiveCfg = Release|Any CPU
		{26BD5610-F7DE-4CBB-81E6-C7FD1EB85C9A}.Release|Any CPU.Build.0 = Release|Any CPU
		{A19CED62-701E-4318-93E6-3F68415F27E1}.Debug|Any CPU.ActiveCfg = Debug|Any CPU
		{A19CED62-701E-4318-93E6-3F68415F27E1}.Debug|Any CPU.Build.0 = Debug|Any CPU
		{A19CED62-701E-4318-93E6-3F68415F27E1}.Release|Any CPU.ActiveCfg = Release|Any CPU
		{A19CED62-701E-4318-93E6-3F68415F27E1}.Release|Any CPU.Build.0 = Release|Any CPU
		{FE2F67AF-C41C-4C93-B9D4-669B0F47AF51}.Debug|Any CPU.ActiveCfg = Debug|Any CPU
		{FE2F67AF-C41C-4C93-B9D4-669B0F47AF51}.Debug|Any CPU.Build.0 = Debug|Any CPU
		{FE2F67AF-C41C-4C93-B9D4-669B0F47AF51}.Release|Any CPU.ActiveCfg = Release|Any CPU
		{FE2F67AF-C41C-4C93-B9D4-669B0F47AF51}.Release|Any CPU.Build.0 = Release|Any CPU
		{C69EB253-A2F5-46D0-B83B-390D2448BE8B}.Debug|Any CPU.ActiveCfg = Debug|Any CPU
		{C69EB253-A2F5-46D0-B83B-390D2448BE8B}.Debug|Any CPU.Build.0 = Debug|Any CPU
		{C69EB253-A2F5-46D0-B83B-390D2448BE8B}.Release|Any CPU.ActiveCfg = Release|Any CPU
		{C69EB253-A2F5-46D0-B83B-390D2448BE8B}.Release|Any CPU.Build.0 = Release|Any CPU
		{353583E2-D513-499D-BA5A-AAACE3E70488}.Debug|Any CPU.ActiveCfg = Debug|Any CPU
		{353583E2-D513-499D-BA5A-AAACE3E70488}.Debug|Any CPU.Build.0 = Debug|Any CPU
		{353583E2-D513-499D-BA5A-AAACE3E70488}.Release|Any CPU.ActiveCfg = Release|Any CPU
		{353583E2-D513-499D-BA5A-AAACE3E70488}.Release|Any CPU.Build.0 = Release|Any CPU
		{084F0FD4-DDB5-478E-9DAE-2D7BF77D68E5}.Debug|Any CPU.ActiveCfg = Debug|Any CPU
		{084F0FD4-DDB5-478E-9DAE-2D7BF77D68E5}.Debug|Any CPU.Build.0 = Debug|Any CPU
		{084F0FD4-DDB5-478E-9DAE-2D7BF77D68E5}.Release|Any CPU.ActiveCfg = Release|Any CPU
		{084F0FD4-DDB5-478E-9DAE-2D7BF77D68E5}.Release|Any CPU.Build.0 = Release|Any CPU
		{6C5FFA2E-3AF2-4E66-A8B8-DF430CDB1ECC}.Debug|Any CPU.ActiveCfg = Debug|Any CPU
		{6C5FFA2E-3AF2-4E66-A8B8-DF430CDB1ECC}.Debug|Any CPU.Build.0 = Debug|Any CPU
		{6C5FFA2E-3AF2-4E66-A8B8-DF430CDB1ECC}.Release|Any CPU.ActiveCfg = Release|Any CPU
		{6C5FFA2E-3AF2-4E66-A8B8-DF430CDB1ECC}.Release|Any CPU.Build.0 = Release|Any CPU
		{C29BE4C7-35CD-45E4-AA07-80D2B3D2340B}.Debug|Any CPU.ActiveCfg = Debug|Any CPU
		{C29BE4C7-35CD-45E4-AA07-80D2B3D2340B}.Debug|Any CPU.Build.0 = Debug|Any CPU
		{C29BE4C7-35CD-45E4-AA07-80D2B3D2340B}.Release|Any CPU.ActiveCfg = Release|Any CPU
		{C29BE4C7-35CD-45E4-AA07-80D2B3D2340B}.Release|Any CPU.Build.0 = Release|Any CPU
		{03E14810-72ED-4CC0-894F-FBD19E257C6D}.Debug|Any CPU.ActiveCfg = Debug|Any CPU
		{03E14810-72ED-4CC0-894F-FBD19E257C6D}.Debug|Any CPU.Build.0 = Debug|Any CPU
		{03E14810-72ED-4CC0-894F-FBD19E257C6D}.Release|Any CPU.ActiveCfg = Release|Any CPU
		{03E14810-72ED-4CC0-894F-FBD19E257C6D}.Release|Any CPU.Build.0 = Release|Any CPU
		{FB5F3C8F-8D07-41EE-8E36-B930D3A41483}.Debug|Any CPU.ActiveCfg = Debug|Any CPU
		{FB5F3C8F-8D07-41EE-8E36-B930D3A41483}.Debug|Any CPU.Build.0 = Debug|Any CPU
		{FB5F3C8F-8D07-41EE-8E36-B930D3A41483}.Release|Any CPU.ActiveCfg = Release|Any CPU
		{FB5F3C8F-8D07-41EE-8E36-B930D3A41483}.Release|Any CPU.Build.0 = Release|Any CPU
		{CCA333C4-1741-4E34-9EBA-3D5BE1E36481}.Debug|Any CPU.ActiveCfg = Debug|Any CPU
		{CCA333C4-1741-4E34-9EBA-3D5BE1E36481}.Debug|Any CPU.Build.0 = Debug|Any CPU
		{CCA333C4-1741-4E34-9EBA-3D5BE1E36481}.Release|Any CPU.ActiveCfg = Release|Any CPU
		{CCA333C4-1741-4E34-9EBA-3D5BE1E36481}.Release|Any CPU.Build.0 = Release|Any CPU
		{FBD613D9-F7A2-491B-ACFE-FC4541FCF4BB}.Debug|Any CPU.ActiveCfg = Debug|Any CPU
		{FBD613D9-F7A2-491B-ACFE-FC4541FCF4BB}.Debug|Any CPU.Build.0 = Debug|Any CPU
		{FBD613D9-F7A2-491B-ACFE-FC4541FCF4BB}.Release|Any CPU.ActiveCfg = Release|Any CPU
		{FBD613D9-F7A2-491B-ACFE-FC4541FCF4BB}.Release|Any CPU.Build.0 = Release|Any CPU
		{06C526ED-D275-4E59-A6DF-A6D95AB1C910}.Debug|Any CPU.ActiveCfg = Debug|Any CPU
		{06C526ED-D275-4E59-A6DF-A6D95AB1C910}.Debug|Any CPU.Build.0 = Debug|Any CPU
		{06C526ED-D275-4E59-A6DF-A6D95AB1C910}.Release|Any CPU.ActiveCfg = Release|Any CPU
		{06C526ED-D275-4E59-A6DF-A6D95AB1C910}.Release|Any CPU.Build.0 = Release|Any CPU
	EndGlobalSection
	GlobalSection(SolutionProperties) = preSolution
		HideSolutionNode = FALSE
	EndGlobalSection
	GlobalSection(NestedProjects) = preSolution
		{CB20DFBF-1142-453D-8607-262C91FBA288} = {ACEB0F49-A4BE-4126-A534-EBBE762DF683}
		{CBB7F6C6-B4C6-4F34-BD2B-AE399B5C7252} = {ACEB0F49-A4BE-4126-A534-EBBE762DF683}
		{4C1E74EF-68FE-4034-9D21-EBE519508282} = {ACEB0F49-A4BE-4126-A534-EBBE762DF683}
		{006F33C0-254C-479C-B1E4-14EBD06B839F} = {ACEB0F49-A4BE-4126-A534-EBBE762DF683}
		{95B4432A-7D3A-4B73-9DA7-5E37017EBE4E} = {ACEB0F49-A4BE-4126-A534-EBBE762DF683}
		{1EC160D3-9D94-4234-814D-D15365299AFF} = {95B4432A-7D3A-4B73-9DA7-5E37017EBE4E}
		{1AB9DFA8-70DD-4FDE-82A9-69393FD70496} = {95B4432A-7D3A-4B73-9DA7-5E37017EBE4E}
		{14A7BEAC-78B6-4E77-876C-D11ED0CD51DD} = {1EC160D3-9D94-4234-814D-D15365299AFF}
		{E73D758B-72D2-4546-9245-A78E325848F9} = {1EC160D3-9D94-4234-814D-D15365299AFF}
		{CAA60F7B-A404-4B84-9A69-90F39C244A26} = {E815A5B4-65F0-432E-A2BF-3789987743CF}
		{2FE4B22F-C036-4957-AA52-E3AAD6DFF772} = {E815A5B4-65F0-432E-A2BF-3789987743CF}
		{E815A5B4-65F0-432E-A2BF-3789987743CF} = {1AB9DFA8-70DD-4FDE-82A9-69393FD70496}
		{A027711C-2D4B-4A00-BC9F-17F06C20D4B0} = {1AB9DFA8-70DD-4FDE-82A9-69393FD70496}
		{E00A6BDC-966E-42C2-8D10-FE34E37E101D} = {A027711C-2D4B-4A00-BC9F-17F06C20D4B0}
		{7307776C-9B8C-4A2F-AC62-961FE3D8896F} = {A027711C-2D4B-4A00-BC9F-17F06C20D4B0}
		{5DDA8BAA-A85C-4782-8D10-CF1CC2F41526} = {A027711C-2D4B-4A00-BC9F-17F06C20D4B0}
		{A7F1E3B0-4664-4C30-AE6C-0B2548E8EE44} = {1AB9DFA8-70DD-4FDE-82A9-69393FD70496}
		{E7621259-8502-4FCC-A0A2-06BD3218D5EB} = {ACEB0F49-A4BE-4126-A534-EBBE762DF683}
		{1AD06E1E-F29F-49D6-A4AC-26E073B508ED} = {C015F7E0-AF31-4702-9D94-26F3948A7A63}
		{A239B7A9-5AA3-40FB-94FB-E5719BA3412C} = {C015F7E0-AF31-4702-9D94-26F3948A7A63}
		{26E78274-EEEA-4E0E-ACEC-DA724D63849A} = {C015F7E0-AF31-4702-9D94-26F3948A7A63}
		{3665F756-1B3B-4092-8B59-EA4D56165400} = {C015F7E0-AF31-4702-9D94-26F3948A7A63}
		{3024193D-D178-4907-8C52-29BB4A84107B} = {C015F7E0-AF31-4702-9D94-26F3948A7A63}
		{D003CBD0-DCA7-4AC9-AC43-D49BC1780F79} = {459B05BE-B222-496C-9B76-FF3DED5D72A3}
		{97BF70F8-4979-4DC0-AED4-E930D46E036D} = {459B05BE-B222-496C-9B76-FF3DED5D72A3}
		{3A0F4CE3-2337-44D4-ADF4-984A396AA4CE} = {82C44521-B942-4193-B33E-13B33D96BE75}
		{DEE07A68-28BA-4FD7-89DB-A5974F0C65C7} = {82C44521-B942-4193-B33E-13B33D96BE75}
		{B6855DBA-4EB5-48C5-B335-D80FCF894C63} = {82C44521-B942-4193-B33E-13B33D96BE75}
		{629FD1D5-1F48-4702-86C2-038749761D3A} = {82C44521-B942-4193-B33E-13B33D96BE75}
		{73CF7729-5E32-4D1B-9EAA-CC54013624DE} = {82C44521-B942-4193-B33E-13B33D96BE75}
		{90122B8D-2DDE-4136-9A4F-9125D28CCC91} = {82C44521-B942-4193-B33E-13B33D96BE75}
		{0566D9B7-A21A-4A0A-B8D8-BA6A07657EA2} = {82C44521-B942-4193-B33E-13B33D96BE75}
		{1490ACC5-E655-4040-8CFD-56F9540EFA9E} = {82C44521-B942-4193-B33E-13B33D96BE75}
		{B2801302-327A-473B-8EEE-435FC67FB37B} = {82C44521-B942-4193-B33E-13B33D96BE75}
		{8489592F-D929-4FEE-9CE3-377517547EB9} = {82C44521-B942-4193-B33E-13B33D96BE75}
		{26BD5610-F7DE-4CBB-81E6-C7FD1EB85C9A} = {82C44521-B942-4193-B33E-13B33D96BE75}
		{A19CED62-701E-4318-93E6-3F68415F27E1} = {82C44521-B942-4193-B33E-13B33D96BE75}
		{FE2F67AF-C41C-4C93-B9D4-669B0F47AF51} = {82C44521-B942-4193-B33E-13B33D96BE75}
		{C69EB253-A2F5-46D0-B83B-390D2448BE8B} = {3442E1AE-90FA-42E8-AE51-A9644EBCFB4E}
		{353583E2-D513-499D-BA5A-AAACE3E70488} = {3442E1AE-90FA-42E8-AE51-A9644EBCFB4E}
		{084F0FD4-DDB5-478E-9DAE-2D7BF77D68E5} = {3442E1AE-90FA-42E8-AE51-A9644EBCFB4E}
		{6C5FFA2E-3AF2-4E66-A8B8-DF430CDB1ECC} = {3442E1AE-90FA-42E8-AE51-A9644EBCFB4E}
		{C29BE4C7-35CD-45E4-AA07-80D2B3D2340B} = {3442E1AE-90FA-42E8-AE51-A9644EBCFB4E}
		{03E14810-72ED-4CC0-894F-FBD19E257C6D} = {3442E1AE-90FA-42E8-AE51-A9644EBCFB4E}
		{FB5F3C8F-8D07-41EE-8E36-B930D3A41483} = {3442E1AE-90FA-42E8-AE51-A9644EBCFB4E}
		{CCA333C4-1741-4E34-9EBA-3D5BE1E36481} = {3442E1AE-90FA-42E8-AE51-A9644EBCFB4E}
		{FBD613D9-F7A2-491B-ACFE-FC4541FCF4BB} = {3442E1AE-90FA-42E8-AE51-A9644EBCFB4E}
		{06C526ED-D275-4E59-A6DF-A6D95AB1C910} = {3442E1AE-90FA-42E8-AE51-A9644EBCFB4E}
	EndGlobalSection
	GlobalSection(ExtensibilityGlobals) = postSolution
		SolutionGuid = {1051DB67-3B90-4A52-9F5F-20F9800671AC}
	EndGlobalSection
EndGlobal
